
Microsoft Visual Studio Solution File, Format Version 12.00
# Visual Studio Version 16
VisualStudioVersion = 16.0.29503.13
MinimumVisualStudioVersion = 15.0.26124.0
Project("{9A19103F-16F7-4668-BE54-9A1E7A4F7556}") = "Aclerbois.GameOfLife.Business", "Aclerbois.GameOfLife.Business\Aclerbois.GameOfLife.Business.csproj", "{F9A34C45-5F86-41FC-A8A6-ADB212A9F231}"
EndProject
Project("{9A19103F-16F7-4668-BE54-9A1E7A4F7556}") = "Aclerbois.GameOfLife.BusinessTests", "Aclerbois.GameOfLife.BusinessTests\Aclerbois.GameOfLife.BusinessTests.csproj", "{B07B7623-3442-45BF-AEA3-70478F0D4727}"
EndProject
Project("{2150E333-8FDC-42A3-9474-1A3956D46DE8}") = "Ui", "Ui", "{9D7C328C-DCAA-4D93-BCB9-32C8928B77ED}"
EndProject
Project("{2150E333-8FDC-42A3-9474-1A3956D46DE8}") = "Tests", "Tests", "{FEAC3ABD-1B48-40CD-9235-131D9BF2763C}"
EndProject
Project("{9A19103F-16F7-4668-BE54-9A1E7A4F7556}") = "Aclerbois.GameOfLife.Console", "Aclerbois.GameOfLife.Console\Aclerbois.GameOfLife.Console.csproj", "{B04677B5-1FC1-4A64-9D46-A95622DD6452}"
EndProject
Project("{2150E333-8FDC-42A3-9474-1A3956D46DE8}") = "Shared", "Shared", "{421F6DF7-8692-4D15-8FDD-F873849DE3FC}"
EndProject
Project("{FAE04EC0-301F-11D3-BF4B-00C04F79EFBC}") = "Aclerbois.GameOfLife.Shared", "Aclerbois.GameOfLife.Shared\Aclerbois.GameOfLife.Shared.csproj", "{6D0E7B6C-688D-4F28-BA3D-2D8D464EDE18}"
EndProject
Global
	GlobalSection(SolutionConfigurationPlatforms) = preSolution
		Debug|Any CPU = Debug|Any CPU
		Debug|x64 = Debug|x64
		Debug|x86 = Debug|x86
		Release|Any CPU = Release|Any CPU
		Release|x64 = Release|x64
		Release|x86 = Release|x86
	EndGlobalSection
	GlobalSection(ProjectConfigurationPlatforms) = postSolution
		{F9A34C45-5F86-41FC-A8A6-ADB212A9F231}.Debug|Any CPU.ActiveCfg = Debug|Any CPU
		{F9A34C45-5F86-41FC-A8A6-ADB212A9F231}.Debug|Any CPU.Build.0 = Debug|Any CPU
		{F9A34C45-5F86-41FC-A8A6-ADB212A9F231}.Debug|x64.ActiveCfg = Debug|Any CPU
		{F9A34C45-5F86-41FC-A8A6-ADB212A9F231}.Debug|x64.Build.0 = Debug|Any CPU
		{F9A34C45-5F86-41FC-A8A6-ADB212A9F231}.Debug|x86.ActiveCfg = Debug|Any CPU
		{F9A34C45-5F86-41FC-A8A6-ADB212A9F231}.Debug|x86.Build.0 = Debug|Any CPU
		{F9A34C45-5F86-41FC-A8A6-ADB212A9F231}.Release|Any CPU.ActiveCfg = Release|Any CPU
		{F9A34C45-5F86-41FC-A8A6-ADB212A9F231}.Release|Any CPU.Build.0 = Release|Any CPU
		{F9A34C45-5F86-41FC-A8A6-ADB212A9F231}.Release|x64.ActiveCfg = Release|Any CPU
		{F9A34C45-5F86-41FC-A8A6-ADB212A9F231}.Release|x64.Build.0 = Release|Any CPU
		{F9A34C45-5F86-41FC-A8A6-ADB212A9F231}.Release|x86.ActiveCfg = Release|Any CPU
		{F9A34C45-5F86-41FC-A8A6-ADB212A9F231}.Release|x86.Build.0 = Release|Any CPU
		{B07B7623-3442-45BF-AEA3-70478F0D4727}.Debug|Any CPU.ActiveCfg = Debug|Any CPU
		{B07B7623-3442-45BF-AEA3-70478F0D4727}.Debug|Any CPU.Build.0 = Debug|Any CPU
		{B07B7623-3442-45BF-AEA3-70478F0D4727}.Debug|x64.ActiveCfg = Debug|Any CPU
		{B07B7623-3442-45BF-AEA3-70478F0D4727}.Debug|x64.Build.0 = Debug|Any CPU
		{B07B7623-3442-45BF-AEA3-70478F0D4727}.Debug|x86.ActiveCfg = Debug|Any CPU
		{B07B7623-3442-45BF-AEA3-70478F0D4727}.Debug|x86.Build.0 = Debug|Any CPU
		{B07B7623-3442-45BF-AEA3-70478F0D4727}.Release|Any CPU.ActiveCfg = Release|Any CPU
		{B07B7623-3442-45BF-AEA3-70478F0D4727}.Release|Any CPU.Build.0 = Release|Any CPU
		{B07B7623-3442-45BF-AEA3-70478F0D4727}.Release|x64.ActiveCfg = Release|Any CPU
		{B07B7623-3442-45BF-AEA3-70478F0D4727}.Release|x64.Build.0 = Release|Any CPU
		{B07B7623-3442-45BF-AEA3-70478F0D4727}.Release|x86.ActiveCfg = Release|Any CPU
		{B07B7623-3442-45BF-AEA3-70478F0D4727}.Release|x86.Build.0 = Release|Any CPU
		{B04677B5-1FC1-4A64-9D46-A95622DD6452}.Debug|Any CPU.ActiveCfg = Debug|Any CPU
		{B04677B5-1FC1-4A64-9D46-A95622DD6452}.Debug|Any CPU.Build.0 = Debug|Any CPU
		{B04677B5-1FC1-4A64-9D46-A95622DD6452}.Debug|x64.ActiveCfg = Debug|Any CPU
		{B04677B5-1FC1-4A64-9D46-A95622DD6452}.Debug|x64.Build.0 = Debug|Any CPU
		{B04677B5-1FC1-4A64-9D46-A95622DD6452}.Debug|x86.ActiveCfg = Debug|Any CPU
		{B04677B5-1FC1-4A64-9D46-A95622DD6452}.Debug|x86.Build.0 = Debug|Any CPU
		{B04677B5-1FC1-4A64-9D46-A95622DD6452}.Release|Any CPU.ActiveCfg = Release|Any CPU
		{B04677B5-1FC1-4A64-9D46-A95622DD6452}.Release|Any CPU.Build.0 = Release|Any CPU
		{B04677B5-1FC1-4A64-9D46-A95622DD6452}.Release|x64.ActiveCfg = Release|Any CPU
		{B04677B5-1FC1-4A64-9D46-A95622DD6452}.Release|x64.Build.0 = Release|Any CPU
		{B04677B5-1FC1-4A64-9D46-A95622DD6452}.Release|x86.ActiveCfg = Release|Any CPU
		{B04677B5-1FC1-4A64-9D46-A95622DD6452}.Release|x86.Build.0 = Release|Any CPU
		{6D0E7B6C-688D-4F28-BA3D-2D8D464EDE18}.Debug|Any CPU.ActiveCfg = Debug|Any CPU
		{6D0E7B6C-688D-4F28-BA3D-2D8D464EDE18}.Debug|Any CPU.Build.0 = Debug|Any CPU
		{6D0E7B6C-688D-4F28-BA3D-2D8D464EDE18}.Debug|x64.ActiveCfg = Debug|Any CPU
		{6D0E7B6C-688D-4F28-BA3D-2D8D464EDE18}.Debug|x64.Build.0 = Debug|Any CPU
		{6D0E7B6C-688D-4F28-BA3D-2D8D464EDE18}.Debug|x86.ActiveCfg = Debug|Any CPU
		{6D0E7B6C-688D-4F28-BA3D-2D8D464EDE18}.Debug|x86.Build.0 = Debug|Any CPU
		{6D0E7B6C-688D-4F28-BA3D-2D8D464EDE18}.Release|Any CPU.ActiveCfg = Release|Any CPU
		{6D0E7B6C-688D-4F28-BA3D-2D8D464EDE18}.Release|Any CPU.Build.0 = Release|Any CPU
		{6D0E7B6C-688D-4F28-BA3D-2D8D464EDE18}.Release|x64.ActiveCfg = Release|Any CPU
		{6D0E7B6C-688D-4F28-BA3D-2D8D464EDE18}.Release|x64.Build.0 = Release|Any CPU
		{6D0E7B6C-688D-4F28-BA3D-2D8D464EDE18}.Release|x86.ActiveCfg = Release|Any CPU
		{6D0E7B6C-688D-4F28-BA3D-2D8D464EDE18}.Release|x86.Build.0 = Release|Any CPU
	EndGlobalSection
	GlobalSection(SolutionProperties) = preSolution
		HideSolutionNode = FALSE
	EndGlobalSection
	GlobalSection(NestedProjects) = preSolution
		{B07B7623-3442-45BF-AEA3-70478F0D4727} = {FEAC3ABD-1B48-40CD-9235-131D9BF2763C}
		{B04677B5-1FC1-4A64-9D46-A95622DD6452} = {9D7C328C-DCAA-4D93-BCB9-32C8928B77ED}
		{6D0E7B6C-688D-4F28-BA3D-2D8D464EDE18} = {421F6DF7-8692-4D15-8FDD-F873849DE3FC}
	EndGlobalSection
	GlobalSection(ExtensibilityGlobals) = postSolution
		SolutionGuid = {C602234B-9BA6-4D91-9275-069766C16415}
	EndGlobalSection
EndGlobal
